
Microsoft Visual Studio Solution File, Format Version 12.00
# Visual Studio Version 17
VisualStudioVersion = 17.8.34302.71
MinimumVisualStudioVersion = 10.0.40219.1
Project("{FAE04EC0-301F-11D3-BF4B-00C04F79EFBC}") = "Rezepte.Web", "Rezepte.Web\Rezepte.Web.csproj", "{A54FCF4B-9AB5-46CF-BEC3-9EFBD24F901F}"
EndProject
Project("{FAE04EC0-301F-11D3-BF4B-00C04F79EFBC}") = "Rezepte.Tests", "Rezepte.Tests\Rezepte.Tests.csproj", "{1D20AA83-7518-7848-FDC7-E5AC93A89B11}"
EndProject
Global
	GlobalSection(SolutionConfigurationPlatforms) = preSolution
		Debug|Any CPU = Debug|Any CPU
		Release|Any CPU = Release|Any CPU
	EndGlobalSection
	GlobalSection(ProjectConfigurationPlatforms) = postSolution
		{A54FCF4B-9AB5-46CF-BEC3-9EFBD24F901F}.Debug|Any CPU.ActiveCfg = Debug|Any CPU
		{A54FCF4B-9AB5-46CF-BEC3-9EFBD24F901F}.Debug|Any CPU.Build.0 = Debug|Any CPU
		{A54FCF4B-9AB5-46CF-BEC3-9EFBD24F901F}.Release|Any CPU.ActiveCfg = Release|Any CPU
		{A54FCF4B-9AB5-46CF-BEC3-9EFBD24F901F}.Release|Any CPU.Build.0 = Release|Any CPU
		{1D20AA83-7518-7848-FDC7-E5AC93A89B11}.Debug|Any CPU.ActiveCfg = Debug|Any CPU
		{1D20AA83-7518-7848-FDC7-E5AC93A89B11}.Debug|Any CPU.Build.0 = Debug|Any CPU
		{1D20AA83-7518-7848-FDC7-E5AC93A89B11}.Release|Any CPU.ActiveCfg = Release|Any CPU
		{1D20AA83-7518-7848-FDC7-E5AC93A89B11}.Release|Any CPU.Build.0 = Release|Any CPU
	EndGlobalSection
	GlobalSection(SolutionProperties) = preSolution
		HideSolutionNode = FALSE
	EndGlobalSection
	GlobalSection(ExtensibilityGlobals) = postSolution
		SolutionGuid = {872592A9-A66F-4386-B7D3-1ED4861AEB95}
	EndGlobalSection
EndGlobal
