
Microsoft Visual Studio Solution File, Format Version 12.00
# Visual Studio Version 17
VisualStudioVersion = 17.8.34302.71
MinimumVisualStudioVersion = 10.0.40219.1
Project("{FAE04EC0-301F-11D3-BF4B-00C04F79EFBC}") = "Rezepte.Web", "Rezepte.Web\Rezepte.Web.csproj", "{A54FCF4B-9AB5-46CF-BEC3-9EFBD24F901F}"
EndProject
Project("{FAE04EC0-301F-11D3-BF4B-00C04F79EFBC}") = "Rezepte.Tests", "Rezepte.Tests\Rezepte.Tests.csproj", "{1D20AA83-7518-7848-FDC7-E5AC93A89B11}"
EndProject
Project("{FAE04EC0-301F-11D3-BF4B-00C04F79EFBC}") = "Rezepte.Import.Abstractions", "Rezepte.Import.Abstractions\Rezepte.Import.Abstractions.csproj", "{1BC5A1D0-6A4D-4E0E-A340-EEBDCD1FC8C6}"
EndProject
Project("{FAE04EC0-301F-11D3-BF4B-00C04F79EFBC}") = "Rezepte.Tests.PluginFixture", "Rezepte.Tests.PluginFixture\Rezepte.Tests.PluginFixture.csproj", "{F7447499-9A29-4B5D-9CB9-75E5A7F2D62B}"
EndProject
Project("{FAE04EC0-301F-11D3-BF4B-00C04F79EFBC}") = "Rezepte.Import.Plugins.Backup", "Rezepte.Import.Plugins.Backup\Rezepte.Import.Plugins.Backup.csproj", "{F9D78A52-F340-49C9-8606-9F629793953F}"
EndProject
Project("{FAE04EC0-301F-11D3-BF4B-00C04F79EFBC}") = "Rezepte.Import.Plugins.AIFoto", "Rezepte.Import.Plugins.AIFoto\Rezepte.Import.Plugins.AIFoto.csproj", "{7BCEF416-80E5-4AFC-93A2-95F2E87E423D}"
EndProject
Project("{FAE04EC0-301F-11D3-BF4B-00C04F79EFBC}") = "Rezepte.Import.Plugins.AIUrl", "Rezepte.Import.Plugins.AIUrl\Rezepte.Import.Plugins.AIUrl.csproj", "{08A6DE10-910F-414C-8CE4-5F735215349A}"
EndProject
Project("{FAE04EC0-301F-11D3-BF4B-00C04F79EFBC}") = "Rezepte.Import.PluginSdk", "Rezepte.Import.PluginSdk\Rezepte.Import.PluginSdk.csproj", "{D66AE871-9F38-4E06-9BDE-EE8FB7491F1F}"
EndProject
Project("{FAE04EC0-301F-11D3-BF4B-00C04F79EFBC}") = "Rezepte.Tests.Browser", "Rezepte.Tests.Browser\Rezepte.Tests.Browser.csproj", "{079BBA5F-8E0D-46DC-A4EB-73745BA12AA2}"
EndProject
Global
	GlobalSection(SolutionConfigurationPlatforms) = preSolution
		Debug|Any CPU = Debug|Any CPU
		Debug|x64 = Debug|x64
		Debug|x86 = Debug|x86
		Release|Any CPU = Release|Any CPU
		Release|x64 = Release|x64
		Release|x86 = Release|x86
	EndGlobalSection
	GlobalSection(ProjectConfigurationPlatforms) = postSolution
		{A54FCF4B-9AB5-46CF-BEC3-9EFBD24F901F}.Debug|Any CPU.ActiveCfg = Debug|Any CPU
		{A54FCF4B-9AB5-46CF-BEC3-9EFBD24F901F}.Debug|Any CPU.Build.0 = Debug|Any CPU
		{A54FCF4B-9AB5-46CF-BEC3-9EFBD24F901F}.Debug|x64.ActiveCfg = Debug|Any CPU
		{A54FCF4B-9AB5-46CF-BEC3-9EFBD24F901F}.Debug|x64.Build.0 = Debug|Any CPU
		{A54FCF4B-9AB5-46CF-BEC3-9EFBD24F901F}.Debug|x86.ActiveCfg = Debug|Any CPU
		{A54FCF4B-9AB5-46CF-BEC3-9EFBD24F901F}.Debug|x86.Build.0 = Debug|Any CPU
		{A54FCF4B-9AB5-46CF-BEC3-9EFBD24F901F}.Release|Any CPU.ActiveCfg = Release|Any CPU
		{A54FCF4B-9AB5-46CF-BEC3-9EFBD24F901F}.Release|Any CPU.Build.0 = Release|Any CPU
		{A54FCF4B-9AB5-46CF-BEC3-9EFBD24F901F}.Release|x64.ActiveCfg = Release|Any CPU
		{A54FCF4B-9AB5-46CF-BEC3-9EFBD24F901F}.Release|x64.Build.0 = Release|Any CPU
		{A54FCF4B-9AB5-46CF-BEC3-9EFBD24F901F}.Release|x86.ActiveCfg = Release|Any CPU
		{A54FCF4B-9AB5-46CF-BEC3-9EFBD24F901F}.Release|x86.Build.0 = Release|Any CPU
		{1D20AA83-7518-7848-FDC7-E5AC93A89B11}.Debug|Any CPU.ActiveCfg = Debug|Any CPU
		{1D20AA83-7518-7848-FDC7-E5AC93A89B11}.Debug|Any CPU.Build.0 = Debug|Any CPU
		{1D20AA83-7518-7848-FDC7-E5AC93A89B11}.Debug|x64.ActiveCfg = Debug|Any CPU
		{1D20AA83-7518-7848-FDC7-E5AC93A89B11}.Debug|x64.Build.0 = Debug|Any CPU
		{1D20AA83-7518-7848-FDC7-E5AC93A89B11}.Debug|x86.ActiveCfg = Debug|Any CPU
		{1D20AA83-7518-7848-FDC7-E5AC93A89B11}.Debug|x86.Build.0 = Debug|Any CPU
		{1D20AA83-7518-7848-FDC7-E5AC93A89B11}.Release|Any CPU.ActiveCfg = Release|Any CPU
		{1D20AA83-7518-7848-FDC7-E5AC93A89B11}.Release|Any CPU.Build.0 = Release|Any CPU
		{1D20AA83-7518-7848-FDC7-E5AC93A89B11}.Release|x64.ActiveCfg = Release|Any CPU
		{1D20AA83-7518-7848-FDC7-E5AC93A89B11}.Release|x64.Build.0 = Release|Any CPU
		{1D20AA83-7518-7848-FDC7-E5AC93A89B11}.Release|x86.ActiveCfg = Release|Any CPU
		{1D20AA83-7518-7848-FDC7-E5AC93A89B11}.Release|x86.Build.0 = Release|Any CPU
		{1BC5A1D0-6A4D-4E0E-A340-EEBDCD1FC8C6}.Debug|Any CPU.ActiveCfg = Debug|Any CPU
		{1BC5A1D0-6A4D-4E0E-A340-EEBDCD1FC8C6}.Debug|Any CPU.Build.0 = Debug|Any CPU
		{1BC5A1D0-6A4D-4E0E-A340-EEBDCD1FC8C6}.Debug|x64.ActiveCfg = Debug|Any CPU
		{1BC5A1D0-6A4D-4E0E-A340-EEBDCD1FC8C6}.Debug|x64.Build.0 = Debug|Any CPU
		{1BC5A1D0-6A4D-4E0E-A340-EEBDCD1FC8C6}.Debug|x86.ActiveCfg = Debug|Any CPU
		{1BC5A1D0-6A4D-4E0E-A340-EEBDCD1FC8C6}.Debug|x86.Build.0 = Debug|Any CPU
		{1BC5A1D0-6A4D-4E0E-A340-EEBDCD1FC8C6}.Release|Any CPU.ActiveCfg = Release|Any CPU
		{1BC5A1D0-6A4D-4E0E-A340-EEBDCD1FC8C6}.Release|Any CPU.Build.0 = Release|Any CPU
		{1BC5A1D0-6A4D-4E0E-A340-EEBDCD1FC8C6}.Release|x64.ActiveCfg = Release|Any CPU
		{1BC5A1D0-6A4D-4E0E-A340-EEBDCD1FC8C6}.Release|x64.Build.0 = Release|Any CPU
		{1BC5A1D0-6A4D-4E0E-A340-EEBDCD1FC8C6}.Release|x86.ActiveCfg = Release|Any CPU
		{1BC5A1D0-6A4D-4E0E-A340-EEBDCD1FC8C6}.Release|x86.Build.0 = Release|Any CPU
		{F7447499-9A29-4B5D-9CB9-75E5A7F2D62B}.Debug|Any CPU.ActiveCfg = Debug|Any CPU
		{F7447499-9A29-4B5D-9CB9-75E5A7F2D62B}.Debug|Any CPU.Build.0 = Debug|Any CPU
		{F7447499-9A29-4B5D-9CB9-75E5A7F2D62B}.Debug|x64.ActiveCfg = Debug|Any CPU
		{F7447499-9A29-4B5D-9CB9-75E5A7F2D62B}.Debug|x64.Build.0 = Debug|Any CPU
		{F7447499-9A29-4B5D-9CB9-75E5A7F2D62B}.Debug|x86.ActiveCfg = Debug|Any CPU
		{F7447499-9A29-4B5D-9CB9-75E5A7F2D62B}.Debug|x86.Build.0 = Debug|Any CPU
		{F7447499-9A29-4B5D-9CB9-75E5A7F2D62B}.Release|Any CPU.ActiveCfg = Release|Any CPU
		{F7447499-9A29-4B5D-9CB9-75E5A7F2D62B}.Release|Any CPU.Build.0 = Release|Any CPU
		{F7447499-9A29-4B5D-9CB9-75E5A7F2D62B}.Release|x64.ActiveCfg = Release|Any CPU
		{F7447499-9A29-4B5D-9CB9-75E5A7F2D62B}.Release|x64.Build.0 = Release|Any CPU
		{F7447499-9A29-4B5D-9CB9-75E5A7F2D62B}.Release|x86.ActiveCfg = Release|Any CPU
		{F7447499-9A29-4B5D-9CB9-75E5A7F2D62B}.Release|x86.Build.0 = Release|Any CPU
		{F9D78A52-F340-49C9-8606-9F629793953F}.Debug|Any CPU.ActiveCfg = Debug|Any CPU
		{F9D78A52-F340-49C9-8606-9F629793953F}.Debug|Any CPU.Build.0 = Debug|Any CPU
		{F9D78A52-F340-49C9-8606-9F629793953F}.Debug|x64.ActiveCfg = Debug|Any CPU
		{F9D78A52-F340-49C9-8606-9F629793953F}.Debug|x64.Build.0 = Debug|Any CPU
		{F9D78A52-F340-49C9-8606-9F629793953F}.Debug|x86.ActiveCfg = Debug|Any CPU
		{F9D78A52-F340-49C9-8606-9F629793953F}.Debug|x86.Build.0 = Debug|Any CPU
		{F9D78A52-F340-49C9-8606-9F629793953F}.Release|Any CPU.ActiveCfg = Release|Any CPU
		{F9D78A52-F340-49C9-8606-9F629793953F}.Release|Any CPU.Build.0 = Release|Any CPU
		{F9D78A52-F340-49C9-8606-9F629793953F}.Release|x64.ActiveCfg = Release|Any CPU
		{F9D78A52-F340-49C9-8606-9F629793953F}.Release|x64.Build.0 = Release|Any CPU
		{F9D78A52-F340-49C9-8606-9F629793953F}.Release|x86.ActiveCfg = Release|Any CPU
		{F9D78A52-F340-49C9-8606-9F629793953F}.Release|x86.Build.0 = Release|Any CPU
		{7BCEF416-80E5-4AFC-93A2-95F2E87E423D}.Debug|Any CPU.ActiveCfg = Debug|Any CPU
		{7BCEF416-80E5-4AFC-93A2-95F2E87E423D}.Debug|Any CPU.Build.0 = Debug|Any CPU
		{7BCEF416-80E5-4AFC-93A2-95F2E87E423D}.Debug|x64.ActiveCfg = Debug|Any CPU
		{7BCEF416-80E5-4AFC-93A2-95F2E87E423D}.Debug|x64.Build.0 = Debug|Any CPU
		{7BCEF416-80E5-4AFC-93A2-95F2E87E423D}.Debug|x86.ActiveCfg = Debug|Any CPU
		{7BCEF416-80E5-4AFC-93A2-95F2E87E423D}.Debug|x86.Build.0 = Debug|Any CPU
		{7BCEF416-80E5-4AFC-93A2-95F2E87E423D}.Release|Any CPU.ActiveCfg = Release|Any CPU
		{7BCEF416-80E5-4AFC-93A2-95F2E87E423D}.Release|Any CPU.Build.0 = Release|Any CPU
		{7BCEF416-80E5-4AFC-93A2-95F2E87E423D}.Release|x64.ActiveCfg = Release|Any CPU
		{7BCEF416-80E5-4AFC-93A2-95F2E87E423D}.Release|x64.Build.0 = Release|Any CPU
		{7BCEF416-80E5-4AFC-93A2-95F2E87E423D}.Release|x86.ActiveCfg = Release|Any CPU
		{7BCEF416-80E5-4AFC-93A2-95F2E87E423D}.Release|x86.Build.0 = Release|Any CPU
		{08A6DE10-910F-414C-8CE4-5F735215349A}.Debug|Any CPU.ActiveCfg = Debug|Any CPU
		{08A6DE10-910F-414C-8CE4-5F735215349A}.Debug|Any CPU.Build.0 = Debug|Any CPU
		{08A6DE10-910F-414C-8CE4-5F735215349A}.Debug|x64.ActiveCfg = Debug|Any CPU
		{08A6DE10-910F-414C-8CE4-5F735215349A}.Debug|x64.Build.0 = Debug|Any CPU
		{08A6DE10-910F-414C-8CE4-5F735215349A}.Debug|x86.ActiveCfg = Debug|Any CPU
		{08A6DE10-910F-414C-8CE4-5F735215349A}.Debug|x86.Build.0 = Debug|Any CPU
		{08A6DE10-910F-414C-8CE4-5F735215349A}.Release|Any CPU.ActiveCfg = Release|Any CPU
		{08A6DE10-910F-414C-8CE4-5F735215349A}.Release|Any CPU.Build.0 = Release|Any CPU
		{08A6DE10-910F-414C-8CE4-5F735215349A}.Release|x64.ActiveCfg = Release|Any CPU
		{08A6DE10-910F-414C-8CE4-5F735215349A}.Release|x64.Build.0 = Release|Any CPU
		{08A6DE10-910F-414C-8CE4-5F735215349A}.Release|x86.ActiveCfg = Release|Any CPU
		{08A6DE10-910F-414C-8CE4-5F735215349A}.Release|x86.Build.0 = Release|Any CPU
		{D66AE871-9F38-4E06-9BDE-EE8FB7491F1F}.Debug|Any CPU.ActiveCfg = Debug|Any CPU
		{D66AE871-9F38-4E06-9BDE-EE8FB7491F1F}.Debug|Any CPU.Build.0 = Debug|Any CPU
		{D66AE871-9F38-4E06-9BDE-EE8FB7491F1F}.Debug|x64.ActiveCfg = Debug|Any CPU
		{D66AE871-9F38-4E06-9BDE-EE8FB7491F1F}.Debug|x64.Build.0 = Debug|Any CPU
		{D66AE871-9F38-4E06-9BDE-EE8FB7491F1F}.Debug|x86.ActiveCfg = Debug|Any CPU
		{D66AE871-9F38-4E06-9BDE-EE8FB7491F1F}.Debug|x86.Build.0 = Debug|Any CPU
		{D66AE871-9F38-4E06-9BDE-EE8FB7491F1F}.Release|Any CPU.ActiveCfg = Release|Any CPU
		{D66AE871-9F38-4E06-9BDE-EE8FB7491F1F}.Release|Any CPU.Build.0 = Release|Any CPU
		{D66AE871-9F38-4E06-9BDE-EE8FB7491F1F}.Release|x64.ActiveCfg = Release|Any CPU
		{D66AE871-9F38-4E06-9BDE-EE8FB7491F1F}.Release|x64.Build.0 = Release|Any CPU
		{D66AE871-9F38-4E06-9BDE-EE8FB7491F1F}.Release|x86.ActiveCfg = Release|Any CPU
		{D66AE871-9F38-4E06-9BDE-EE8FB7491F1F}.Release|x86.Build.0 = Release|Any CPU
		{079BBA5F-8E0D-46DC-A4EB-73745BA12AA2}.Debug|Any CPU.ActiveCfg = Debug|Any CPU
		{079BBA5F-8E0D-46DC-A4EB-73745BA12AA2}.Debug|Any CPU.Build.0 = Debug|Any CPU
		{079BBA5F-8E0D-46DC-A4EB-73745BA12AA2}.Debug|x64.ActiveCfg = Debug|Any CPU
		{079BBA5F-8E0D-46DC-A4EB-73745BA12AA2}.Debug|x64.Build.0 = Debug|Any CPU
		{079BBA5F-8E0D-46DC-A4EB-73745BA12AA2}.Debug|x86.ActiveCfg = Debug|Any CPU
		{079BBA5F-8E0D-46DC-A4EB-73745BA12AA2}.Debug|x86.Build.0 = Debug|Any CPU
		{079BBA5F-8E0D-46DC-A4EB-73745BA12AA2}.Release|Any CPU.ActiveCfg = Release|Any CPU
		{079BBA5F-8E0D-46DC-A4EB-73745BA12AA2}.Release|Any CPU.Build.0 = Release|Any CPU
		{079BBA5F-8E0D-46DC-A4EB-73745BA12AA2}.Release|x64.ActiveCfg = Release|Any CPU
		{079BBA5F-8E0D-46DC-A4EB-73745BA12AA2}.Release|x64.Build.0 = Release|Any CPU
		{079BBA5F-8E0D-46DC-A4EB-73745BA12AA2}.Release|x86.ActiveCfg = Release|Any CPU
		{079BBA5F-8E0D-46DC-A4EB-73745BA12AA2}.Release|x86.Build.0 = Release|Any CPU
	EndGlobalSection
	GlobalSection(SolutionProperties) = preSolution
		HideSolutionNode = FALSE
	EndGlobalSection
	GlobalSection(ExtensibilityGlobals) = postSolution
		SolutionGuid = {872592A9-A66F-4386-B7D3-1ED4861AEB95}
	EndGlobalSection
EndGlobal
